
Microsoft Visual Studio Solution File, Format Version 12.00
# Visual Studio Version 16
VisualStudioVersion = 16.0.33214.272
MinimumVisualStudioVersion = 10.0.40219.1
Project("{FAE04EC0-301F-11D3-BF4B-00C04F79EFBC}") = "AstarAPI", "AstarAPI\AstarAPI.csproj", "{13316F40-3896-4EF7-89C2-9A75BF4F68F6}"
EndProject
Global
	GlobalSection(SolutionConfigurationPlatforms) = preSolution
		Debug|Any CPU = Debug|Any CPU
		Release|Any CPU = Release|Any CPU
	EndGlobalSection
	GlobalSection(ProjectConfigurationPlatforms) = postSolution
		{13316F40-3896-4EF7-89C2-9A75BF4F68F6}.Debug|Any CPU.ActiveCfg = Debug|Any CPU
		{13316F40-3896-4EF7-89C2-9A75BF4F68F6}.Debug|Any CPU.Build.0 = Debug|Any CPU
		{13316F40-3896-4EF7-89C2-9A75BF4F68F6}.Release|Any CPU.ActiveCfg = Release|Any CPU
		{13316F40-3896-4EF7-89C2-9A75BF4F68F6}.Release|Any CPU.Build.0 = Release|Any CPU
	EndGlobalSection
	GlobalSection(SolutionProperties) = preSolution
		HideSolutionNode = FALSE
	EndGlobalSection
	GlobalSection(ExtensibilityGlobals) = postSolution
		SolutionGuid = {950D7158-332A-4793-BB55-AE6F1EAD50AC}
	EndGlobalSection
EndGlobal
